// !$*UTF8*$!
{
	archiveVersion = 1;
	classes = {
	};
	objectVersion = 52;
	objects = {

/* Begin PBXBuildFile section */
		08D80A24241722B400AC896E /* AppDelegate.swift in Sources */ = {isa = PBXBuildFile; fileRef = 08D80A23241722B400AC896E /* AppDelegate.swift */; };
		08D80A26241722B400AC896E /* SceneDelegate.swift in Sources */ = {isa = PBXBuildFile; fileRef = 08D80A25241722B400AC896E /* SceneDelegate.swift */; };
		08D80A28241722B400AC896E /* MainViewController.swift in Sources */ = {isa = PBXBuildFile; fileRef = 08D80A27241722B400AC896E /* MainViewController.swift */; };
		08D80A2D241722B900AC896E /* Assets.xcassets in Resources */ = {isa = PBXBuildFile; fileRef = 08D80A2C241722B900AC896E /* Assets.xcassets */; };
		08D80A30241722B900AC896E /* LaunchScreen.storyboard in Resources */ = {isa = PBXBuildFile; fileRef = 08D80A2E241722B900AC896E /* LaunchScreen.storyboard */; };
		08D80A3F241724D900AC896E /* XKCD.swift in Sources */ = {isa = PBXBuildFile; fileRef = 08D80A3E241724D900AC896E /* XKCD.swift */; };
		08D80A422417275000AC896E /* RealmSwift in Frameworks */ = {isa = PBXBuildFile; productRef = 08D80A412417275000AC896E /* RealmSwift */; };
		08D80A442417275000AC896E /* Realm in Frameworks */ = {isa = PBXBuildFile; productRef = 08D80A432417275000AC896E /* Realm */; };
		08D80A4624172BA700AC896E /* ComicFetcher.swift in Sources */ = {isa = PBXBuildFile; fileRef = 08D80A4524172BA700AC896E /* ComicFetcher.swift */; };
		08D80A492417352F00AC896E /* ImageStorage.swift in Sources */ = {isa = PBXBuildFile; fileRef = 08D80A482417352F00AC896E /* ImageStorage.swift */; };
/* End PBXBuildFile section */

/* Begin PBXFileReference section */
		08D80A20241722B400AC896E /* XKCD.app */ = {isa = PBXFileReference; explicitFileType = wrapper.application; includeInIndex = 0; path = XKCD.app; sourceTree = BUILT_PRODUCTS_DIR; };
		08D80A23241722B400AC896E /* AppDelegate.swift */ = {isa = PBXFileReference; lastKnownFileType = sourcecode.swift; path = AppDelegate.swift; sourceTree = "<group>"; };
		08D80A25241722B400AC896E /* SceneDelegate.swift */ = {isa = PBXFileReference; lastKnownFileType = sourcecode.swift; path = SceneDelegate.swift; sourceTree = "<group>"; };
		08D80A27241722B400AC896E /* MainViewController.swift */ = {isa = PBXFileReference; lastKnownFileType = sourcecode.swift; path = MainViewController.swift; sourceTree = "<group>"; };
		08D80A2C241722B900AC896E /* Assets.xcassets */ = {isa = PBXFileReference; lastKnownFileType = folder.assetcatalog; path = Assets.xcassets; sourceTree = "<group>"; };
		08D80A2F241722B900AC896E /* Base */ = {isa = PBXFileReference; lastKnownFileType = file.storyboard; name = Base; path = Base.lproj/LaunchScreen.storyboard; sourceTree = "<group>"; };
		08D80A31241722B900AC896E /* Info.plist */ = {isa = PBXFileReference; lastKnownFileType = text.plist.xml; path = Info.plist; sourceTree = "<group>"; };
		08D80A3E241724D900AC896E /* XKCD.swift */ = {isa = PBXFileReference; lastKnownFileType = sourcecode.swift; path = XKCD.swift; sourceTree = "<group>"; };
		08D80A4524172BA700AC896E /* ComicFetcher.swift */ = {isa = PBXFileReference; lastKnownFileType = sourcecode.swift; path = ComicFetcher.swift; sourceTree = "<group>"; };
		08D80A482417352F00AC896E /* ImageStorage.swift */ = {isa = PBXFileReference; lastKnownFileType = sourcecode.swift; path = ImageStorage.swift; sourceTree = "<group>"; };
/* End PBXFileReference section */

/* Begin PBXFrameworksBuildPhase section */
		08D80A1D241722B400AC896E /* Frameworks */ = {
			isa = PBXFrameworksBuildPhase;
			buildActionMask = 2147483647;
			files = (
				08D80A442417275000AC896E /* Realm in Frameworks */,
				08D80A422417275000AC896E /* RealmSwift in Frameworks */,
			);
			runOnlyForDeploymentPostprocessing = 0;
		};
/* End PBXFrameworksBuildPhase section */

/* Begin PBXGroup section */
		08D80A17241722B400AC896E = {
			isa = PBXGroup;
			children = (
				08D80A22241722B400AC896E /* XKCD */,
				08D80A21241722B400AC896E /* Products */,
			);
			sourceTree = "<group>";
		};
		08D80A21241722B400AC896E /* Products */ = {
			isa = PBXGroup;
			children = (
				08D80A20241722B400AC896E /* XKCD.app */,
			);
			name = Products;
			sourceTree = "<group>";
		};
		08D80A22241722B400AC896E /* XKCD */ = {
			isa = PBXGroup;
			children = (
				08D80A3B2417249200AC896E /* Handlers */,
				08D80A382417247C00AC896E /* Models */,
				08D80A372417247100AC896E /* Proxy */,
				08D80A3C241724A200AC896E /* Views */,
				08D80A4724172BD800AC896E /* Extensions */,
				08D80A3D241724AB00AC896E /* Supporting Files */,
			);
			path = XKCD;
			sourceTree = "<group>";
		};
		08D80A372417247100AC896E /* Proxy */ = {
			isa = PBXGroup;
			children = (
			);
			path = Proxy;
			sourceTree = "<group>";
		};
		08D80A382417247C00AC896E /* Models */ = {
			isa = PBXGroup;
			children = (
				08D80A3E241724D900AC896E /* XKCD.swift */,
			);
			path = Models;
			sourceTree = "<group>";
		};
		08D80A3B2417249200AC896E /* Handlers */ = {
			isa = PBXGroup;
			children = (
				08D80A4524172BA700AC896E /* ComicFetcher.swift */,
				08D80A482417352F00AC896E /* ImageStorage.swift */,
			);
			path = Handlers;
			sourceTree = "<group>";
		};
		08D80A3C241724A200AC896E /* Views */ = {
			isa = PBXGroup;
			children = (
				08D80A27241722B400AC896E /* MainViewController.swift */,
			);
			path = Views;
			sourceTree = "<group>";
		};
		08D80A3D241724AB00AC896E /* Supporting Files */ = {
			isa = PBXGroup;
			children = (
				08D80A31241722B900AC896E /* Info.plist */,
				08D80A23241722B400AC896E /* AppDelegate.swift */,
				08D80A25241722B400AC896E /* SceneDelegate.swift */,
				08D80A2C241722B900AC896E /* Assets.xcassets */,
				08D80A2E241722B900AC896E /* LaunchScreen.storyboard */,
			);
			path = "Supporting Files";
			sourceTree = "<group>";
		};
		08D80A4724172BD800AC896E /* Extensions */ = {
			isa = PBXGroup;
			children = (
			);
			path = Extensions;
			sourceTree = "<group>";
		};
/* End PBXGroup section */

/* Begin PBXNativeTarget section */
		08D80A1F241722B400AC896E /* XKCD */ = {
			isa = PBXNativeTarget;
			buildConfigurationList = 08D80A34241722B900AC896E /* Build configuration list for PBXNativeTarget "XKCD" */;
			buildPhases = (
				08D80A1C241722B400AC896E /* Sources */,
				08D80A1D241722B400AC896E /* Frameworks */,
				08D80A1E241722B400AC896E /* Resources */,
			);
			buildRules = (
			);
			dependencies = (
			);
			name = XKCD;
			packageProductDependencies = (
				08D80A412417275000AC896E /* RealmSwift */,
				08D80A432417275000AC896E /* Realm */,
			);
			productName = XKCD;
			productReference = 08D80A20241722B400AC896E /* XKCD.app */;
			productType = "com.apple.product-type.application";
		};
/* End PBXNativeTarget section */

/* Begin PBXProject section */
		08D80A18241722B400AC896E /* Project object */ = {
			isa = PBXProject;
			attributes = {
				LastSwiftUpdateCheck = 1130;
				LastUpgradeCheck = 1130;
				ORGANIZATIONNAME = "Oscar Apeland";
				TargetAttributes = {
					08D80A1F241722B400AC896E = {
						CreatedOnToolsVersion = 11.3.1;
					};
				};
			};
			buildConfigurationList = 08D80A1B241722B400AC896E /* Build configuration list for PBXProject "XKCD" */;
			compatibilityVersion = "Xcode 9.3";
			developmentRegion = en;
			hasScannedForEncodings = 0;
			knownRegions = (
				en,
				Base,
			);
			mainGroup = 08D80A17241722B400AC896E;
			packageReferences = (
				08D80A402417275000AC896E /* XCRemoteSwiftPackageReference "realm-cocoa" */,
			);
			productRefGroup = 08D80A21241722B400AC896E /* Products */;
			projectDirPath = "";
			projectRoot = "";
			targets = (
				08D80A1F241722B400AC896E /* XKCD */,
			);
		};
/* End PBXProject section */

/* Begin PBXResourcesBuildPhase section */
		08D80A1E241722B400AC896E /* Resources */ = {
			isa = PBXResourcesBuildPhase;
			buildActionMask = 2147483647;
			files = (
				08D80A30241722B900AC896E /* LaunchScreen.storyboard in Resources */,
				08D80A2D241722B900AC896E /* Assets.xcassets in Resources */,
			);
			runOnlyForDeploymentPostprocessing = 0;
		};
/* End PBXResourcesBuildPhase section */

/* Begin PBXSourcesBuildPhase section */
		08D80A1C241722B400AC896E /* Sources */ = {
			isa = PBXSourcesBuildPhase;
			buildActionMask = 2147483647;
			files = (
				08D80A28241722B400AC896E /* MainViewController.swift in Sources */,
				08D80A492417352F00AC896E /* ImageStorage.swift in Sources */,
				08D80A24241722B400AC896E /* AppDelegate.swift in Sources */,
				08D80A26241722B400AC896E /* SceneDelegate.swift in Sources */,
				08D80A4624172BA700AC896E /* ComicFetcher.swift in Sources */,
				08D80A3F241724D900AC896E /* XKCD.swift in Sources */,
			);
			runOnlyForDeploymentPostprocessing = 0;
		};
/* End PBXSourcesBuildPhase section */

/* Begin PBXVariantGroup section */
		08D80A2E241722B900AC896E /* LaunchScreen.storyboard */ = {
			isa = PBXVariantGroup;
			children = (
				08D80A2F241722B900AC896E /* Base */,
			);
			name = LaunchScreen.storyboard;
			sourceTree = "<group>";
		};
/* End PBXVariantGroup section */

/* Begin XCBuildConfiguration section */
		08D80A32241722B900AC896E /* Debug */ = {
			isa = XCBuildConfiguration;
			buildSettings = {
				ALWAYS_SEARCH_USER_PATHS = NO;
				CLANG_ANALYZER_NONNULL = YES;
				CLANG_ANALYZER_NUMBER_OBJECT_CONVERSION = YES_AGGRESSIVE;
				CLANG_CXX_LANGUAGE_STANDARD = "gnu++14";
				CLANG_CXX_LIBRARY = "libc++";
				CLANG_ENABLE_MODULES = YES;
				CLANG_ENABLE_OBJC_ARC = YES;
				CLANG_ENABLE_OBJC_WEAK = YES;
				CLANG_WARN_BLOCK_CAPTURE_AUTORELEASING = YES;
				CLANG_WARN_BOOL_CONVERSION = YES;
				CLANG_WARN_COMMA = YES;
				CLANG_WARN_CONSTANT_CONVERSION = YES;
				CLANG_WARN_DEPRECATED_OBJC_IMPLEMENTATIONS = YES;
				CLANG_WARN_DIRECT_OBJC_ISA_USAGE = YES_ERROR;
				CLANG_WARN_DOCUMENTATION_COMMENTS = YES;
				CLANG_WARN_EMPTY_BODY = YES;
				CLANG_WARN_ENUM_CONVERSION = YES;
				CLANG_WARN_INFINITE_RECURSION = YES;
				CLANG_WARN_INT_CONVERSION = YES;
				CLANG_WARN_NON_LITERAL_NULL_CONVERSION = YES;
				CLANG_WARN_OBJC_IMPLICIT_RETAIN_SELF = YES;
				CLANG_WARN_OBJC_LITERAL_CONVERSION = YES;
				CLANG_WARN_OBJC_ROOT_CLASS = YES_ERROR;
				CLANG_WARN_RANGE_LOOP_ANALYSIS = YES;
				CLANG_WARN_STRICT_PROTOTYPES = YES;
				CLANG_WARN_SUSPICIOUS_MOVE = YES;
				CLANG_WARN_UNGUARDED_AVAILABILITY = YES_AGGRESSIVE;
				CLANG_WARN_UNREACHABLE_CODE = YES;
				CLANG_WARN__DUPLICATE_METHOD_MATCH = YES;
				COPY_PHASE_STRIP = NO;
				DEBUG_INFORMATION_FORMAT = dwarf;
				ENABLE_STRICT_OBJC_MSGSEND = YES;
				ENABLE_TESTABILITY = YES;
				GCC_C_LANGUAGE_STANDARD = gnu11;
				GCC_DYNAMIC_NO_PIC = NO;
				GCC_NO_COMMON_BLOCKS = YES;
				GCC_OPTIMIZATION_LEVEL = 0;
				GCC_PREPROCESSOR_DEFINITIONS = (
					"DEBUG=1",
					"$(inherited)",
				);
				GCC_WARN_64_TO_32_BIT_CONVERSION = YES;
				GCC_WARN_ABOUT_RETURN_TYPE = YES_ERROR;
				GCC_WARN_UNDECLARED_SELECTOR = YES;
				GCC_WARN_UNINITIALIZED_AUTOS = YES_AGGRESSIVE;
				GCC_WARN_UNUSED_FUNCTION = YES;
				GCC_WARN_UNUSED_VARIABLE = YES;
				INFOPLIST_FILE = "$(SRCROOT)/XKCD/Supporting files/Info.plist";
				IPHONEOS_DEPLOYMENT_TARGET = 13.2;
				MTL_ENABLE_DEBUG_INFO = INCLUDE_SOURCE;
				MTL_FAST_MATH = YES;
				ONLY_ACTIVE_ARCH = YES;
				SDKROOT = iphoneos;
				SWIFT_ACTIVE_COMPILATION_CONDITIONS = DEBUG;
				SWIFT_OPTIMIZATION_LEVEL = "-Onone";
			};
			name = Debug;
		};
		08D80A33241722B900AC896E /* Release */ = {
			isa = XCBuildConfiguration;
			buildSettings = {
				ALWAYS_SEARCH_USER_PATHS = NO;
				CLANG_ANALYZER_NONNULL = YES;
				CLANG_ANALYZER_NUMBER_OBJECT_CONVERSION = YES_AGGRESSIVE;
				CLANG_CXX_LANGUAGE_STANDARD = "gnu++14";
				CLANG_CXX_LIBRARY = "libc++";
				CLANG_ENABLE_MODULES = YES;
				CLANG_ENABLE_OBJC_ARC = YES;
				CLANG_ENABLE_OBJC_WEAK = YES;
				CLANG_WARN_BLOCK_CAPTURE_AUTORELEASING = YES;
				CLANG_WARN_BOOL_CONVERSION = YES;
				CLANG_WARN_COMMA = YES;
				CLANG_WARN_CONSTANT_CONVERSION = YES;
				CLANG_WARN_DEPRECATED_OBJC_IMPLEMENTATIONS = YES;
				CLANG_WARN_DIRECT_OBJC_ISA_USAGE = YES_ERROR;
				CLANG_WARN_DOCUMENTATION_COMMENTS = YES;
				CLANG_WARN_EMPTY_BODY = YES;
				CLANG_WARN_ENUM_CONVERSION = YES;
				CLANG_WARN_INFINITE_RECURSION = YES;
				CLANG_WARN_INT_CONVERSION = YES;
				CLANG_WARN_NON_LITERAL_NULL_CONVERSION = YES;
				CLANG_WARN_OBJC_IMPLICIT_RETAIN_SELF = YES;
				CLANG_WARN_OBJC_LITERAL_CONVERSION = YES;
				CLANG_WARN_OBJC_ROOT_CLASS = YES_ERROR;
				CLANG_WARN_RANGE_LOOP_ANALYSIS = YES;
				CLANG_WARN_STRICT_PROTOTYPES = YES;
				CLANG_WARN_SUSPICIOUS_MOVE = YES;
				CLANG_WARN_UNGUARDED_AVAILABILITY = YES_AGGRESSIVE;
				CLANG_WARN_UNREACHABLE_CODE = YES;
				CLANG_WARN__DUPLICATE_METHOD_MATCH = YES;
				COPY_PHASE_STRIP = NO;
				DEBUG_INFORMATION_FORMAT = "dwarf-with-dsym";
				ENABLE_NS_ASSERTIONS = NO;
				ENABLE_STRICT_OBJC_MSGSEND = YES;
				GCC_C_LANGUAGE_STANDARD = gnu11;
				GCC_NO_COMMON_BLOCKS = YES;
				GCC_WARN_64_TO_32_BIT_CONVERSION = YES;
				GCC_WARN_ABOUT_RETURN_TYPE = YES_ERROR;
				GCC_WARN_UNDECLARED_SELECTOR = YES;
				GCC_WARN_UNINITIALIZED_AUTOS = YES_AGGRESSIVE;
				GCC_WARN_UNUSED_FUNCTION = YES;
				GCC_WARN_UNUSED_VARIABLE = YES;
				INFOPLIST_FILE = "$(SRCROOT)/XKCD/Supporting files/Info.plist";
				IPHONEOS_DEPLOYMENT_TARGET = 13.2;
				MTL_ENABLE_DEBUG_INFO = NO;
				MTL_FAST_MATH = YES;
				SDKROOT = iphoneos;
				SWIFT_COMPILATION_MODE = wholemodule;
				SWIFT_OPTIMIZATION_LEVEL = "-O";
				VALIDATE_PRODUCT = YES;
			};
			name = Release;
		};
		08D80A35241722B900AC896E /* Debug */ = {
			isa = XCBuildConfiguration;
			buildSettings = {
				ASSETCATALOG_COMPILER_APPICON_NAME = AppIcon;
				CODE_SIGN_STYLE = Automatic;
				DEVELOPMENT_TEAM = V3S3PN2CV8;
				INFOPLIST_FILE = "$(SRCROOT)/XKCD/Supporting Files/Info.plist";
				LD_RUNPATH_SEARCH_PATHS = (
					"$(inherited)",
					"@executable_path/Frameworks",
				);
				PRODUCT_BUNDLE_IDENTIFIER = test.shortcut.XKCD;
				PRODUCT_NAME = "$(TARGET_NAME)";
				SWIFT_VERSION = 5.0;
				TARGETED_DEVICE_FAMILY = "1,2";
			};
			name = Debug;
		};
		08D80A36241722B900AC896E /* Release */ = {
			isa = XCBuildConfiguration;
			buildSettings = {
				ASSETCATALOG_COMPILER_APPICON_NAME = AppIcon;
				CODE_SIGN_STYLE = Automatic;
				DEVELOPMENT_TEAM = V3S3PN2CV8;
				INFOPLIST_FILE = "$(SRCROOT)/XKCD/Supporting Files/Info.plist";
				LD_RUNPATH_SEARCH_PATHS = (
					"$(inherited)",
					"@executable_path/Frameworks",
				);
				PRODUCT_BUNDLE_IDENTIFIER = test.shortcut.XKCD;
				PRODUCT_NAME = "$(TARGET_NAME)";
				SWIFT_VERSION = 5.0;
				TARGETED_DEVICE_FAMILY = "1,2";
			};
			name = Release;
		};
/* End XCBuildConfiguration section */

/* Begin XCConfigurationList section */
		08D80A1B241722B400AC896E /* Build configuration list for PBXProject "XKCD" */ = {
			isa = XCConfigurationList;
			buildConfigurations = (
				08D80A32241722B900AC896E /* Debug */,
				08D80A33241722B900AC896E /* Release */,
			);
			defaultConfigurationIsVisible = 0;
			defaultConfigurationName = Release;
		};
		08D80A34241722B900AC896E /* Build configuration list for PBXNativeTarget "XKCD" */ = {
			isa = XCConfigurationList;
			buildConfigurations = (
				08D80A35241722B900AC896E /* Debug */,
				08D80A36241722B900AC896E /* Release */,
			);
			defaultConfigurationIsVisible = 0;
			defaultConfigurationName = Release;
		};
/* End XCConfigurationList section */

/* Begin XCRemoteSwiftPackageReference section */
		08D80A402417275000AC896E /* XCRemoteSwiftPackageReference "realm-cocoa" */ = {
			isa = XCRemoteSwiftPackageReference;
			repositoryURL = "https://github.com/realm/realm-cocoa.git";
			requirement = {
				kind = upToNextMajorVersion;
				minimumVersion = 4.3.2;
			};
		};
/* End XCRemoteSwiftPackageReference section */

/* Begin XCSwiftPackageProductDependency section */
		08D80A412417275000AC896E /* RealmSwift */ = {
			isa = XCSwiftPackageProductDependency;
			package = 08D80A402417275000AC896E /* XCRemoteSwiftPackageReference "realm-cocoa" */;
			productName = RealmSwift;
		};
		08D80A432417275000AC896E /* Realm */ = {
			isa = XCSwiftPackageProductDependency;
			package = 08D80A402417275000AC896E /* XCRemoteSwiftPackageReference "realm-cocoa" */;
			productName = Realm;
		};
/* End XCSwiftPackageProductDependency section */
	};
	rootObject = 08D80A18241722B400AC896E /* Project object */;
}
